
Microsoft Visual Studio Solution File, Format Version 12.00
# Visual Studio 15
VisualStudioVersion = 15.0.27703.2042
MinimumVisualStudioVersion = 10.0.40219.1
Project("{FAE04EC0-301F-11D3-BF4B-00C04F79EFBC}") = "DevOpsTest", "DevOpsTest\DevOpsTest.csproj", "{684B5884-DE32-47C0-97C0-82CD4458E699}"
EndProject
Project("{FAE04EC0-301F-11D3-BF4B-00C04F79EFBC}") = "DevOpsTest.Tests", "DevOpsTest.Tests\DevOpsTest.Tests.csproj", "{DDB874CF-BFA2-4803-A5AC-078FF4B529DC}"
EndProject
Global
	GlobalSection(SolutionConfigurationPlatforms) = preSolution
		Debug|Any CPU = Debug|Any CPU
		Release|Any CPU = Release|Any CPU
	EndGlobalSection
	GlobalSection(ProjectConfigurationPlatforms) = postSolution
		{684B5884-DE32-47C0-97C0-82CD4458E699}.Debug|Any CPU.ActiveCfg = Debug|Any CPU
		{684B5884-DE32-47C0-97C0-82CD4458E699}.Debug|Any CPU.Build.0 = Debug|Any CPU
		{684B5884-DE32-47C0-97C0-82CD4458E699}.Release|Any CPU.ActiveCfg = Release|Any CPU
		{684B5884-DE32-47C0-97C0-82CD4458E699}.Release|Any CPU.Build.0 = Release|Any CPU
		{DDB874CF-BFA2-4803-A5AC-078FF4B529DC}.Debug|Any CPU.ActiveCfg = Debug|Any CPU
		{DDB874CF-BFA2-4803-A5AC-078FF4B529DC}.Debug|Any CPU.Build.0 = Debug|Any CPU
		{DDB874CF-BFA2-4803-A5AC-078FF4B529DC}.Release|Any CPU.ActiveCfg = Release|Any CPU
		{DDB874CF-BFA2-4803-A5AC-078FF4B529DC}.Release|Any CPU.Build.0 = Release|Any CPU
	EndGlobalSection
	GlobalSection(SolutionProperties) = preSolution
		HideSolutionNode = FALSE
	EndGlobalSection
	GlobalSection(ExtensibilityGlobals) = postSolution
		SolutionGuid = {D64047B5-AA80-41F9-BB5F-7BB99A7B3A91}
	EndGlobalSection
EndGlobal
